
Microsoft Visual Studio Solution File, Format Version 12.00
# Visual Studio Version 16
VisualStudioVersion = 16.0.30517.126
MinimumVisualStudioVersion = 10.0.40219.1
Project("{FAE04EC0-301F-11D3-BF4B-00C04F79EFBC}") = "SnakeOOP", "SnakeOOP\SnakeOOP.csproj", "{D846E840-E125-4EC1-B272-A07C13CFB54E}"
EndProject
Global
	GlobalSection(SolutionConfigurationPlatforms) = preSolution
		Debug|Any CPU = Debug|Any CPU
		Release|Any CPU = Release|Any CPU
	EndGlobalSection
	GlobalSection(ProjectConfigurationPlatforms) = postSolution
		{D846E840-E125-4EC1-B272-A07C13CFB54E}.Debug|Any CPU.ActiveCfg = Debug|Any CPU
		{D846E840-E125-4EC1-B272-A07C13CFB54E}.Debug|Any CPU.Build.0 = Debug|Any CPU
		{D846E840-E125-4EC1-B272-A07C13CFB54E}.Release|Any CPU.ActiveCfg = Release|Any CPU
		{D846E840-E125-4EC1-B272-A07C13CFB54E}.Release|Any CPU.Build.0 = Release|Any CPU
	EndGlobalSection
	GlobalSection(SolutionProperties) = preSolution
		HideSolutionNode = FALSE
	EndGlobalSection
	GlobalSection(ExtensibilityGlobals) = postSolution
		SolutionGuid = {BADCCD17-FB83-4214-9171-6F61E0B2FFA1}
	EndGlobalSection
EndGlobal
